# THIS IS AN AUTOGENERATED FILE. DO NOT EDIT THIS FILE DIRECTLY.
# yarn lockfile v1


adwavecss@>=0.0.13:
  version "0.1.1"
  resolved "https://registry.yarnpkg.com/adwavecss/-/adwavecss-0.1.1.tgz#a9d5500bff60fbc5062e316963675bbcaf41130a"
  integrity sha512-r0yXOmuDRL4XIif92djBu+MeCNfVksJChracYs2HQ5jN8LPqo6DDPY6Nor1Qvh6fto9rd44iuXJnL9w/9wIb6Q==

adwaveui@^0.0.11:
  version "0.0.11"
  resolved "https://registry.yarnpkg.com/adwaveui/-/adwaveui-0.0.11.tgz#7ece70e0ec14ea23833cb4b8f0f1e02b1f950ffe"
  integrity sha512-+8D/ga0WpXlBN6mUResT1zD60a+oClJXIYjbcYq9KVv8uyV3w5Et439K4Gp0we/DUaXtRgi6pNQmW3gU7VO8fQ==
  dependencies:
    adwavecss ">=0.0.13"
    jsxte "^3.3.1"
    jsxte-wc "^1.1.5"

jsxte-wc@^1.1.5:
  version "1.1.5"
  resolved "https://registry.yarnpkg.com/jsxte-wc/-/jsxte-wc-1.1.5.tgz#799b71a6297d31d92c90dbad826fd5bdfebfc6ff"
  integrity sha512-YawsSCI2zvGQJH5zaoVo9F9zeAEug+7yabVJBkKvAA+ngvTvdLUm/Bgg7oPbz9ZIY1jqjGTn6+kL7igzHXdlaQ==

jsxte@^3.3.1:
  version "3.3.1"
  resolved "https://registry.yarnpkg.com/jsxte/-/jsxte-3.3.1.tgz#e9d39650473ebdbb22c77a745eb4c733a098f362"
  integrity sha512-l6EW11AO9ap1Sjpy5MbX0fnrD15uHfVPlYnyH4/AXY/8T0ECIkdd38sgTFApuuBvoyvrua2H1nV5msnCBiyw0Q==

react-winbox@^1.5.0:
  version "1.5.0"
  resolved "https://registry.yarnpkg.com/react-winbox/-/react-winbox-1.5.0.tgz#a60dea07ae5445619fb730dab5f568ae9e95de3f"
  integrity sha512-8QaLrw+y5M7KO1vxJXcOtgIijPEpAm0qy/cAZhR0ZU/x5uiqCOy7QzIjr8whHLYKQWfl9YotnwDxv9FVL64l2w==
  dependencies:
    winbox "=0.2.6"

winbox@=0.2.6:
  version "0.2.6"
  resolved "https://registry.yarnpkg.com/winbox/-/winbox-0.2.6.tgz#9e46eb23c09394166262e5bcb074e4f240c8ba4c"
  integrity sha512-P/Tqjcf4bA0Hr1lqR1YliQsisV8xf+t56xgCtqWN8Urw9RLonYSVQGYw+qILp9tgkPs1o7e1dsl6dskaS6GudQ==
